
Microsoft Visual Studio Solution File, Format Version 12.00
# Visual Studio Version 16
VisualStudioVersion = 16.0.28803.156
MinimumVisualStudioVersion = 10.0.40219.1
Project("{00D1A9C2-B5F0-4AF3-8072-F6C62B433612}") = "Database", "Database\Database.sqlproj", "{2EC3788A-1240-469C-8AEE-00E36078393A}"
EndProject
Project("{2150E333-8FDC-42A3-9474-1A3956D46DE8}") = "Database", "Database", "{659057C5-5A4A-43D9-BC33-F32AC89D8CE5}"
EndProject
Project("{2150E333-8FDC-42A3-9474-1A3956D46DE8}") = "Api", "Api", "{2914970A-8FE7-4A92-A3B3-B588CF344172}"
EndProject
Project("{2150E333-8FDC-42A3-9474-1A3956D46DE8}") = "Core", "Core", "{90A1F8CB-2DE6-445B-93AE-E6C2AE05A76C}"
EndProject
Project("{9A19103F-16F7-4668-BE54-9A1E7A4F7556}") = "AppModule", "Core\AppModule\AppModule.csproj", "{242D7EB8-63D9-4C01-82FC-6895E89A65A4}"
EndProject
Project("{9A19103F-16F7-4668-BE54-9A1E7A4F7556}") = "DataAccessLayer", "Core\DataAccessLayer\DataAccessLayer.csproj", "{19901501-0E07-4171-9862-950FDB6AC39F}"
EndProject
Project("{9A19103F-16F7-4668-BE54-9A1E7A4F7556}") = "WebApi", "Api\WebApi\WebApi.csproj", "{F7DAB9C5-8393-4ED2-9152-9B3F4FCA9321}"
EndProject
Project("{9A19103F-16F7-4668-BE54-9A1E7A4F7556}") = "AppModule.Dto", "AppModule.Dto\AppModule.Dto.csproj", "{C902223C-17F2-4B7C-8038-3CAF8EC3D538}"
EndProject
Project("{2150E333-8FDC-42A3-9474-1A3956D46DE8}") = "Tools", "Tools", "{E7B6AE84-12CE-4C01-9B31-67166CD7787F}"
EndProject
Project("{9A19103F-16F7-4668-BE54-9A1E7A4F7556}") = "AutoGenOData", "Tools\AutoGenOData\AutoGenOData.csproj", "{E0EACAF7-2E3A-470B-8467-42CF72056EB8}"
EndProject
Project("{FAE04EC0-301F-11D3-BF4B-00C04F79EFBC}") = "Infrastructure", "Infrastructure\Infrastructure.csproj", "{B8191F68-0993-46AE-BF65-ABEB8CA3DEFB}"
EndProject
Global
	GlobalSection(SolutionConfigurationPlatforms) = preSolution
		Debug|Any CPU = Debug|Any CPU
		Release|Any CPU = Release|Any CPU
	EndGlobalSection
	GlobalSection(ProjectConfigurationPlatforms) = postSolution
		{2EC3788A-1240-469C-8AEE-00E36078393A}.Debug|Any CPU.ActiveCfg = Debug|Any CPU
		{2EC3788A-1240-469C-8AEE-00E36078393A}.Debug|Any CPU.Build.0 = Debug|Any CPU
		{2EC3788A-1240-469C-8AEE-00E36078393A}.Debug|Any CPU.Deploy.0 = Debug|Any CPU
		{2EC3788A-1240-469C-8AEE-00E36078393A}.Release|Any CPU.ActiveCfg = Release|Any CPU
		{2EC3788A-1240-469C-8AEE-00E36078393A}.Release|Any CPU.Build.0 = Release|Any CPU
		{2EC3788A-1240-469C-8AEE-00E36078393A}.Release|Any CPU.Deploy.0 = Release|Any CPU
		{242D7EB8-63D9-4C01-82FC-6895E89A65A4}.Debug|Any CPU.ActiveCfg = Debug|Any CPU
		{242D7EB8-63D9-4C01-82FC-6895E89A65A4}.Debug|Any CPU.Build.0 = Debug|Any CPU
		{242D7EB8-63D9-4C01-82FC-6895E89A65A4}.Release|Any CPU.ActiveCfg = Release|Any CPU
		{242D7EB8-63D9-4C01-82FC-6895E89A65A4}.Release|Any CPU.Build.0 = Release|Any CPU
		{19901501-0E07-4171-9862-950FDB6AC39F}.Debug|Any CPU.ActiveCfg = Debug|Any CPU
		{19901501-0E07-4171-9862-950FDB6AC39F}.Debug|Any CPU.Build.0 = Debug|Any CPU
		{19901501-0E07-4171-9862-950FDB6AC39F}.Release|Any CPU.ActiveCfg = Release|Any CPU
		{19901501-0E07-4171-9862-950FDB6AC39F}.Release|Any CPU.Build.0 = Release|Any CPU
		{F7DAB9C5-8393-4ED2-9152-9B3F4FCA9321}.Debug|Any CPU.ActiveCfg = Debug|Any CPU
		{F7DAB9C5-8393-4ED2-9152-9B3F4FCA9321}.Debug|Any CPU.Build.0 = Debug|Any CPU
		{F7DAB9C5-8393-4ED2-9152-9B3F4FCA9321}.Release|Any CPU.ActiveCfg = Release|Any CPU
		{F7DAB9C5-8393-4ED2-9152-9B3F4FCA9321}.Release|Any CPU.Build.0 = Release|Any CPU
		{C902223C-17F2-4B7C-8038-3CAF8EC3D538}.Debug|Any CPU.ActiveCfg = Debug|Any CPU
		{C902223C-17F2-4B7C-8038-3CAF8EC3D538}.Debug|Any CPU.Build.0 = Debug|Any CPU
		{C902223C-17F2-4B7C-8038-3CAF8EC3D538}.Release|Any CPU.ActiveCfg = Release|Any CPU
		{C902223C-17F2-4B7C-8038-3CAF8EC3D538}.Release|Any CPU.Build.0 = Release|Any CPU
		{E0EACAF7-2E3A-470B-8467-42CF72056EB8}.Debug|Any CPU.ActiveCfg = Debug|Any CPU
		{E0EACAF7-2E3A-470B-8467-42CF72056EB8}.Debug|Any CPU.Build.0 = Debug|Any CPU
		{E0EACAF7-2E3A-470B-8467-42CF72056EB8}.Release|Any CPU.ActiveCfg = Release|Any CPU
		{E0EACAF7-2E3A-470B-8467-42CF72056EB8}.Release|Any CPU.Build.0 = Release|Any CPU
		{B8191F68-0993-46AE-BF65-ABEB8CA3DEFB}.Debug|Any CPU.ActiveCfg = Debug|Any CPU
		{B8191F68-0993-46AE-BF65-ABEB8CA3DEFB}.Debug|Any CPU.Build.0 = Debug|Any CPU
		{B8191F68-0993-46AE-BF65-ABEB8CA3DEFB}.Release|Any CPU.ActiveCfg = Release|Any CPU
		{B8191F68-0993-46AE-BF65-ABEB8CA3DEFB}.Release|Any CPU.Build.0 = Release|Any CPU
	EndGlobalSection
	GlobalSection(SolutionProperties) = preSolution
		HideSolutionNode = FALSE
	EndGlobalSection
	GlobalSection(NestedProjects) = preSolution
		{2EC3788A-1240-469C-8AEE-00E36078393A} = {659057C5-5A4A-43D9-BC33-F32AC89D8CE5}
		{242D7EB8-63D9-4C01-82FC-6895E89A65A4} = {90A1F8CB-2DE6-445B-93AE-E6C2AE05A76C}
		{19901501-0E07-4171-9862-950FDB6AC39F} = {90A1F8CB-2DE6-445B-93AE-E6C2AE05A76C}
		{F7DAB9C5-8393-4ED2-9152-9B3F4FCA9321} = {2914970A-8FE7-4A92-A3B3-B588CF344172}
		{C902223C-17F2-4B7C-8038-3CAF8EC3D538} = {90A1F8CB-2DE6-445B-93AE-E6C2AE05A76C}
		{E0EACAF7-2E3A-470B-8467-42CF72056EB8} = {E7B6AE84-12CE-4C01-9B31-67166CD7787F}
		{B8191F68-0993-46AE-BF65-ABEB8CA3DEFB} = {90A1F8CB-2DE6-445B-93AE-E6C2AE05A76C}
	EndGlobalSection
	GlobalSection(ExtensibilityGlobals) = postSolution
		SolutionGuid = {72A11ECD-2855-4C88-ACC8-6E55416D5DF4}
	EndGlobalSection
EndGlobal
